// !$*UTF8*$!
{
	archiveVersion = 1;
	classes = {
	};
	objectVersion = 50;
	objects = {

/* Begin PBXBuildFile section */
		045E98C4262E4A6C00A01AD8 /* AppDelegate.swift in Sources */ = {isa = PBXBuildFile; fileRef = 045E98C3262E4A6C00A01AD8 /* AppDelegate.swift */; };
		045E98C6262E4A6C00A01AD8 /* SceneDelegate.swift in Sources */ = {isa = PBXBuildFile; fileRef = 045E98C5262E4A6C00A01AD8 /* SceneDelegate.swift */; };
		045E98C8262E4A6C00A01AD8 /* ViewController.swift in Sources */ = {isa = PBXBuildFile; fileRef = 045E98C7262E4A6C00A01AD8 /* ViewController.swift */; };
		045E98CB262E4A6C00A01AD8 /* Main.storyboard in Resources */ = {isa = PBXBuildFile; fileRef = 045E98C9262E4A6C00A01AD8 /* Main.storyboard */; };
		045E98CE262E4A6C00A01AD8 /* MoviesSearch_MVVM_RXSwift.xcdatamodeld in Sources */ = {isa = PBXBuildFile; fileRef = 045E98CC262E4A6C00A01AD8 /* MoviesSearch_MVVM_RXSwift.xcdatamodeld */; };
		045E98D0262E4A6D00A01AD8 /* Assets.xcassets in Resources */ = {isa = PBXBuildFile; fileRef = 045E98CF262E4A6D00A01AD8 /* Assets.xcassets */; };
		045E98D3262E4A6D00A01AD8 /* LaunchScreen.storyboard in Resources */ = {isa = PBXBuildFile; fileRef = 045E98D1262E4A6D00A01AD8 /* LaunchScreen.storyboard */; };
		045E98DE262E4A6E00A01AD8 /* MoviesSearch_MVVM_RXSwiftTests.swift in Sources */ = {isa = PBXBuildFile; fileRef = 045E98DD262E4A6E00A01AD8 /* MoviesSearch_MVVM_RXSwiftTests.swift */; };
		045E98E9262E4A6E00A01AD8 /* MoviesSearch_MVVM_RXSwiftUITests.swift in Sources */ = {isa = PBXBuildFile; fileRef = 045E98E8262E4A6E00A01AD8 /* MoviesSearch_MVVM_RXSwiftUITests.swift */; };
/* End PBXBuildFile section */

/* Begin PBXContainerItemProxy section */
		045E98DA262E4A6E00A01AD8 /* PBXContainerItemProxy */ = {
			isa = PBXContainerItemProxy;
			containerPortal = 045E98B8262E4A6C00A01AD8 /* Project object */;
			proxyType = 1;
			remoteGlobalIDString = 045E98BF262E4A6C00A01AD8;
			remoteInfo = "MoviesSearch-MVVM-RXSwift";
		};
		045E98E5262E4A6E00A01AD8 /* PBXContainerItemProxy */ = {
			isa = PBXContainerItemProxy;
			containerPortal = 045E98B8262E4A6C00A01AD8 /* Project object */;
			proxyType = 1;
			remoteGlobalIDString = 045E98BF262E4A6C00A01AD8;
			remoteInfo = "MoviesSearch-MVVM-RXSwift";
		};
/* End PBXContainerItemProxy section */

/* Begin PBXFileReference section */
		045E98C0262E4A6C00A01AD8 /* MoviesSearch-MVVM-RXSwift.app */ = {isa = PBXFileReference; explicitFileType = wrapper.application; includeInIndex = 0; path = "MoviesSearch-MVVM-RXSwift.app"; sourceTree = BUILT_PRODUCTS_DIR; };
		045E98C3262E4A6C00A01AD8 /* AppDelegate.swift */ = {isa = PBXFileReference; lastKnownFileType = sourcecode.swift; path = AppDelegate.swift; sourceTree = "<group>"; };
		045E98C5262E4A6C00A01AD8 /* SceneDelegate.swift */ = {isa = PBXFileReference; lastKnownFileType = sourcecode.swift; path = SceneDelegate.swift; sourceTree = "<group>"; };
		045E98C7262E4A6C00A01AD8 /* ViewController.swift */ = {isa = PBXFileReference; lastKnownFileType = sourcecode.swift; path = ViewController.swift; sourceTree = "<group>"; };
		045E98CA262E4A6C00A01AD8 /* Base */ = {isa = PBXFileReference; lastKnownFileType = file.storyboard; name = Base; path = Base.lproj/Main.storyboard; sourceTree = "<group>"; };
		045E98CD262E4A6C00A01AD8 /* MoviesSearch_MVVM_RXSwift.xcdatamodel */ = {isa = PBXFileReference; lastKnownFileType = wrapper.xcdatamodel; path = MoviesSearch_MVVM_RXSwift.xcdatamodel; sourceTree = "<group>"; };
		045E98CF262E4A6D00A01AD8 /* Assets.xcassets */ = {isa = PBXFileReference; lastKnownFileType = folder.assetcatalog; path = Assets.xcassets; sourceTree = "<group>"; };
		045E98D2262E4A6D00A01AD8 /* Base */ = {isa = PBXFileReference; lastKnownFileType = file.storyboard; name = Base; path = Base.lproj/LaunchScreen.storyboard; sourceTree = "<group>"; };
		045E98D4262E4A6D00A01AD8 /* Info.plist */ = {isa = PBXFileReference; lastKnownFileType = text.plist.xml; path = Info.plist; sourceTree = "<group>"; };
		045E98D9262E4A6E00A01AD8 /* MoviesSearch-MVVM-RXSwiftTests.xctest */ = {isa = PBXFileReference; explicitFileType = wrapper.cfbundle; includeInIndex = 0; path = "MoviesSearch-MVVM-RXSwiftTests.xctest"; sourceTree = BUILT_PRODUCTS_DIR; };
		045E98DD262E4A6E00A01AD8 /* MoviesSearch_MVVM_RXSwiftTests.swift */ = {isa = PBXFileReference; lastKnownFileType = sourcecode.swift; path = MoviesSearch_MVVM_RXSwiftTests.swift; sourceTree = "<group>"; };
		045E98DF262E4A6E00A01AD8 /* Info.plist */ = {isa = PBXFileReference; lastKnownFileType = text.plist.xml; path = Info.plist; sourceTree = "<group>"; };
		045E98E4262E4A6E00A01AD8 /* MoviesSearch-MVVM-RXSwiftUITests.xctest */ = {isa = PBXFileReference; explicitFileType = wrapper.cfbundle; includeInIndex = 0; path = "MoviesSearch-MVVM-RXSwiftUITests.xctest"; sourceTree = BUILT_PRODUCTS_DIR; };
		045E98E8262E4A6E00A01AD8 /* MoviesSearch_MVVM_RXSwiftUITests.swift */ = {isa = PBXFileReference; lastKnownFileType = sourcecode.swift; path = MoviesSearch_MVVM_RXSwiftUITests.swift; sourceTree = "<group>"; };
		045E98EA262E4A6E00A01AD8 /* Info.plist */ = {isa = PBXFileReference; lastKnownFileType = text.plist.xml; path = Info.plist; sourceTree = "<group>"; };
/* End PBXFileReference section */

/* Begin PBXFrameworksBuildPhase section */
		045E98BD262E4A6C00A01AD8 /* Frameworks */ = {
			isa = PBXFrameworksBuildPhase;
			buildActionMask = 2147483647;
			files = (
			);
			runOnlyForDeploymentPostprocessing = 0;
		};
		045E98D6262E4A6E00A01AD8 /* Frameworks */ = {
			isa = PBXFrameworksBuildPhase;
			buildActionMask = 2147483647;
			files = (
			);
			runOnlyForDeploymentPostprocessing = 0;
		};
		045E98E1262E4A6E00A01AD8 /* Frameworks */ = {
			isa = PBXFrameworksBuildPhase;
			buildActionMask = 2147483647;
			files = (
			);
			runOnlyForDeploymentPostprocessing = 0;
		};
/* End PBXFrameworksBuildPhase section */

/* Begin PBXGroup section */
		045E98B7262E4A6C00A01AD8 = {
			isa = PBXGroup;
			children = (
				045E98C2262E4A6C00A01AD8 /* MoviesSearch-MVVM-RXSwift */,
				045E98DC262E4A6E00A01AD8 /* MoviesSearch-MVVM-RXSwiftTests */,
				045E98E7262E4A6E00A01AD8 /* MoviesSearch-MVVM-RXSwiftUITests */,
				045E98C1262E4A6C00A01AD8 /* Products */,
			);
			sourceTree = "<group>";
		};
		045E98C1262E4A6C00A01AD8 /* Products */ = {
			isa = PBXGroup;
			children = (
				045E98C0262E4A6C00A01AD8 /* MoviesSearch-MVVM-RXSwift.app */,
				045E98D9262E4A6E00A01AD8 /* MoviesSearch-MVVM-RXSwiftTests.xctest */,
				045E98E4262E4A6E00A01AD8 /* MoviesSearch-MVVM-RXSwiftUITests.xctest */,
			);
			name = Products;
			sourceTree = "<group>";
		};
		045E98C2262E4A6C00A01AD8 /* MoviesSearch-MVVM-RXSwift */ = {
			isa = PBXGroup;
			children = (
				045E98C3262E4A6C00A01AD8 /* AppDelegate.swift */,
				045E98C5262E4A6C00A01AD8 /* SceneDelegate.swift */,
				045E98C7262E4A6C00A01AD8 /* ViewController.swift */,
				045E98C9262E4A6C00A01AD8 /* Main.storyboard */,
				045E98CF262E4A6D00A01AD8 /* Assets.xcassets */,
				045E98D1262E4A6D00A01AD8 /* LaunchScreen.storyboard */,
				045E98D4262E4A6D00A01AD8 /* Info.plist */,
				045E98CC262E4A6C00A01AD8 /* MoviesSearch_MVVM_RXSwift.xcdatamodeld */,
			);
			path = "MoviesSearch-MVVM-RXSwift";
			sourceTree = "<group>";
		};
		045E98DC262E4A6E00A01AD8 /* MoviesSearch-MVVM-RXSwiftTests */ = {
			isa = PBXGroup;
			children = (
				045E98DD262E4A6E00A01AD8 /* MoviesSearch_MVVM_RXSwiftTests.swift */,
				045E98DF262E4A6E00A01AD8 /* Info.plist */,
			);
			path = "MoviesSearch-MVVM-RXSwiftTests";
			sourceTree = "<group>";
		};
		045E98E7262E4A6E00A01AD8 /* MoviesSearch-MVVM-RXSwiftUITests */ = {
			isa = PBXGroup;
			children = (
				045E98E8262E4A6E00A01AD8 /* MoviesSearch_MVVM_RXSwiftUITests.swift */,
				045E98EA262E4A6E00A01AD8 /* Info.plist */,
			);
			path = "MoviesSearch-MVVM-RXSwiftUITests";
			sourceTree = "<group>";
		};
/* End PBXGroup section */

/* Begin PBXNativeTarget section */
		045E98BF262E4A6C00A01AD8 /* MoviesSearch-MVVM-RXSwift */ = {
			isa = PBXNativeTarget;
			buildConfigurationList = 045E98ED262E4A6E00A01AD8 /* Build configuration list for PBXNativeTarget "MoviesSearch-MVVM-RXSwift" */;
			buildPhases = (
				045E98BC262E4A6C00A01AD8 /* Sources */,
				045E98BD262E4A6C00A01AD8 /* Frameworks */,
				045E98BE262E4A6C00A01AD8 /* Resources */,
			);
			buildRules = (
			);
			dependencies = (
			);
			name = "MoviesSearch-MVVM-RXSwift";
			productName = "MoviesSearch-MVVM-RXSwift";
			productReference = 045E98C0262E4A6C00A01AD8 /* MoviesSearch-MVVM-RXSwift.app */;
			productType = "com.apple.product-type.application";
		};
		045E98D8262E4A6E00A01AD8 /* MoviesSearch-MVVM-RXSwiftTests */ = {
			isa = PBXNativeTarget;
			buildConfigurationList = 045E98F0262E4A6E00A01AD8 /* Build configuration list for PBXNativeTarget "MoviesSearch-MVVM-RXSwiftTests" */;
			buildPhases = (
				045E98D5262E4A6E00A01AD8 /* Sources */,
				045E98D6262E4A6E00A01AD8 /* Frameworks */,
				045E98D7262E4A6E00A01AD8 /* Resources */,
			);
			buildRules = (
			);
			dependencies = (
				045E98DB262E4A6E00A01AD8 /* PBXTargetDependency */,
			);
			name = "MoviesSearch-MVVM-RXSwiftTests";
			productName = "MoviesSearch-MVVM-RXSwiftTests";
			productReference = 045E98D9262E4A6E00A01AD8 /* MoviesSearch-MVVM-RXSwiftTests.xctest */;
			productType = "com.apple.product-type.bundle.unit-test";
		};
		045E98E3262E4A6E00A01AD8 /* MoviesSearch-MVVM-RXSwiftUITests */ = {
			isa = PBXNativeTarget;
			buildConfigurationList = 045E98F3262E4A6E00A01AD8 /* Build configuration list for PBXNativeTarget "MoviesSearch-MVVM-RXSwiftUITests" */;
			buildPhases = (
				045E98E0262E4A6E00A01AD8 /* Sources */,
				045E98E1262E4A6E00A01AD8 /* Frameworks */,
				045E98E2262E4A6E00A01AD8 /* Resources */,
			);
			buildRules = (
			);
			dependencies = (
				045E98E6262E4A6E00A01AD8 /* PBXTargetDependency */,
			);
			name = "MoviesSearch-MVVM-RXSwiftUITests";
			productName = "MoviesSearch-MVVM-RXSwiftUITests";
			productReference = 045E98E4262E4A6E00A01AD8 /* MoviesSearch-MVVM-RXSwiftUITests.xctest */;
			productType = "com.apple.product-type.bundle.ui-testing";
		};
/* End PBXNativeTarget section */

/* Begin PBXProject section */
		045E98B8262E4A6C00A01AD8 /* Project object */ = {
			isa = PBXProject;
			attributes = {
				LastSwiftUpdateCheck = 1240;
				LastUpgradeCheck = 1240;
				TargetAttributes = {
					045E98BF262E4A6C00A01AD8 = {
						CreatedOnToolsVersion = 12.4;
					};
					045E98D8262E4A6E00A01AD8 = {
						CreatedOnToolsVersion = 12.4;
						TestTargetID = 045E98BF262E4A6C00A01AD8;
					};
					045E98E3262E4A6E00A01AD8 = {
						CreatedOnToolsVersion = 12.4;
						TestTargetID = 045E98BF262E4A6C00A01AD8;
					};
				};
			};
			buildConfigurationList = 045E98BB262E4A6C00A01AD8 /* Build configuration list for PBXProject "MoviesSearch-MVVM-RXSwift" */;
			compatibilityVersion = "Xcode 9.3";
			developmentRegion = en;
			hasScannedForEncodings = 0;
			knownRegions = (
				en,
				Base,
			);
			mainGroup = 045E98B7262E4A6C00A01AD8;
			productRefGroup = 045E98C1262E4A6C00A01AD8 /* Products */;
			projectDirPath = "";
			projectRoot = "";
			targets = (
				045E98BF262E4A6C00A01AD8 /* MoviesSearch-MVVM-RXSwift */,
				045E98D8262E4A6E00A01AD8 /* MoviesSearch-MVVM-RXSwiftTests */,
				045E98E3262E4A6E00A01AD8 /* MoviesSearch-MVVM-RXSwiftUITests */,
			);
		};
/* End PBXProject section */

/* Begin PBXResourcesBuildPhase section */
		045E98BE262E4A6C00A01AD8 /* Resources */ = {
			isa = PBXResourcesBuildPhase;
			buildActionMask = 2147483647;
			files = (
				045E98D3262E4A6D00A01AD8 /* LaunchScreen.storyboard in Resources */,
				045E98D0262E4A6D00A01AD8 /* Assets.xcassets in Resources */,
				045E98CB262E4A6C00A01AD8 /* Main.storyboard in Resources */,
			);
			runOnlyForDeploymentPostprocessing = 0;
		};
		045E98D7262E4A6E00A01AD8 /* Resources */ = {
			isa = PBXResourcesBuildPhase;
			buildActionMask = 2147483647;
			files = (
			);
			runOnlyForDeploymentPostprocessing = 0;
		};
		045E98E2262E4A6E00A01AD8 /* Resources */ = {
			isa = PBXResourcesBuildPhase;
			buildActionMask = 2147483647;
			files = (
			);
			runOnlyForDeploymentPostprocessing = 0;
		};
/* End PBXResourcesBuildPhase section */

/* Begin PBXSourcesBuildPhase section */
		045E98BC262E4A6C00A01AD8 /* Sources */ = {
			isa = PBXSourcesBuildPhase;
			buildActionMask = 2147483647;
			files = (
				045E98C8262E4A6C00A01AD8 /* ViewController.swift in Sources */,
				045E98C4262E4A6C00A01AD8 /* AppDelegate.swift in Sources */,
				045E98CE262E4A6C00A01AD8 /* MoviesSearch_MVVM_RXSwift.xcdatamodeld in Sources */,
				045E98C6262E4A6C00A01AD8 /* SceneDelegate.swift in Sources */,
			);
			runOnlyForDeploymentPostprocessing = 0;
		};
		045E98D5262E4A6E00A01AD8 /* Sources */ = {
			isa = PBXSourcesBuildPhase;
			buildActionMask = 2147483647;
			files = (
				045E98DE262E4A6E00A01AD8 /* MoviesSearch_MVVM_RXSwiftTests.swift in Sources */,
			);
			runOnlyForDeploymentPostprocessing = 0;
		};
		045E98E0262E4A6E00A01AD8 /* Sources */ = {
			isa = PBXSourcesBuildPhase;
			buildActionMask = 2147483647;
			files = (
				045E98E9262E4A6E00A01AD8 /* MoviesSearch_MVVM_RXSwiftUITests.swift in Sources */,
			);
			runOnlyForDeploymentPostprocessing = 0;
		};
/* End PBXSourcesBuildPhase section */

/* Begin PBXTargetDependency section */
		045E98DB262E4A6E00A01AD8 /* PBXTargetDependency */ = {
			isa = PBXTargetDependency;
			target = 045E98BF262E4A6C00A01AD8 /* MoviesSearch-MVVM-RXSwift */;
			targetProxy = 045E98DA262E4A6E00A01AD8 /* PBXContainerItemProxy */;
		};
		045E98E6262E4A6E00A01AD8 /* PBXTargetDependency */ = {
			isa = PBXTargetDependency;
			target = 045E98BF262E4A6C00A01AD8 /* MoviesSearch-MVVM-RXSwift */;
			targetProxy = 045E98E5262E4A6E00A01AD8 /* PBXContainerItemProxy */;
		};
/* End PBXTargetDependency section */

/* Begin PBXVariantGroup section */
		045E98C9262E4A6C00A01AD8 /* Main.storyboard */ = {
			isa = PBXVariantGroup;
			children = (
				045E98CA262E4A6C00A01AD8 /* Base */,
			);
			name = Main.storyboard;
			sourceTree = "<group>";
		};
		045E98D1262E4A6D00A01AD8 /* LaunchScreen.storyboard */ = {
			isa = PBXVariantGroup;
			children = (
				045E98D2262E4A6D00A01AD8 /* Base */,
			);
			name = LaunchScreen.storyboard;
			sourceTree = "<group>";
		};
/* End PBXVariantGroup section */

/* Begin XCBuildConfiguration section */
		045E98EB262E4A6E00A01AD8 /* Debug */ = {
			isa = XCBuildConfiguration;
			buildSettings = {
				ALWAYS_SEARCH_USER_PATHS = NO;
				CLANG_ANALYZER_NONNULL = YES;
				CLANG_ANALYZER_NUMBER_OBJECT_CONVERSION = YES_AGGRESSIVE;
				CLANG_CXX_LANGUAGE_STANDARD = "gnu++14";
				CLANG_CXX_LIBRARY = "libc++";
				CLANG_ENABLE_MODULES = YES;
				CLANG_ENABLE_OBJC_ARC = YES;
				CLANG_ENABLE_OBJC_WEAK = YES;
				CLANG_WARN_BLOCK_CAPTURE_AUTORELEASING = YES;
				CLANG_WARN_BOOL_CONVERSION = YES;
				CLANG_WARN_COMMA = YES;
				CLANG_WARN_CONSTANT_CONVERSION = YES;
				CLANG_WARN_DEPRECATED_OBJC_IMPLEMENTATIONS = YES;
				CLANG_WARN_DIRECT_OBJC_ISA_USAGE = YES_ERROR;
				CLANG_WARN_DOCUMENTATION_COMMENTS = YES;
				CLANG_WARN_EMPTY_BODY = YES;
				CLANG_WARN_ENUM_CONVERSION = YES;
				CLANG_WARN_INFINITE_RECURSION = YES;
				CLANG_WARN_INT_CONVERSION = YES;
				CLANG_WARN_NON_LITERAL_NULL_CONVERSION = YES;
				CLANG_WARN_OBJC_IMPLICIT_RETAIN_SELF = YES;
				CLANG_WARN_OBJC_LITERAL_CONVERSION = YES;
				CLANG_WARN_OBJC_ROOT_CLASS = YES_ERROR;
				CLANG_WARN_QUOTED_INCLUDE_IN_FRAMEWORK_HEADER = YES;
				CLANG_WARN_RANGE_LOOP_ANALYSIS = YES;
				CLANG_WARN_STRICT_PROTOTYPES = YES;
				CLANG_WARN_SUSPICIOUS_MOVE = YES;
				CLANG_WARN_UNGUARDED_AVAILABILITY = YES_AGGRESSIVE;
				CLANG_WARN_UNREACHABLE_CODE = YES;
				CLANG_WARN__DUPLICATE_METHOD_MATCH = YES;
				COPY_PHASE_STRIP = NO;
				DEBUG_INFORMATION_FORMAT = dwarf;
				ENABLE_STRICT_OBJC_MSGSEND = YES;
				ENABLE_TESTABILITY = YES;
				GCC_C_LANGUAGE_STANDARD = gnu11;
				GCC_DYNAMIC_NO_PIC = NO;
				GCC_NO_COMMON_BLOCKS = YES;
				GCC_OPTIMIZATION_LEVEL = 0;
				GCC_PREPROCESSOR_DEFINITIONS = (
					"DEBUG=1",
					"$(inherited)",
				);
				GCC_WARN_64_TO_32_BIT_CONVERSION = YES;
				GCC_WARN_ABOUT_RETURN_TYPE = YES_ERROR;
				GCC_WARN_UNDECLARED_SELECTOR = YES;
				GCC_WARN_UNINITIALIZED_AUTOS = YES_AGGRESSIVE;
				GCC_WARN_UNUSED_FUNCTION = YES;
				GCC_WARN_UNUSED_VARIABLE = YES;
				IPHONEOS_DEPLOYMENT_TARGET = 14.4;
				MTL_ENABLE_DEBUG_INFO = INCLUDE_SOURCE;
				MTL_FAST_MATH = YES;
				ONLY_ACTIVE_ARCH = YES;
				SDKROOT = iphoneos;
				SWIFT_ACTIVE_COMPILATION_CONDITIONS = DEBUG;
				SWIFT_OPTIMIZATION_LEVEL = "-Onone";
			};
			name = Debug;
		};
		045E98EC262E4A6E00A01AD8 /* Release */ = {
			isa = XCBuildConfiguration;
			buildSettings = {
				ALWAYS_SEARCH_USER_PATHS = NO;
				CLANG_ANALYZER_NONNULL = YES;
				CLANG_ANALYZER_NUMBER_OBJECT_CONVERSION = YES_AGGRESSIVE;
				CLANG_CXX_LANGUAGE_STANDARD = "gnu++14";
				CLANG_CXX_LIBRARY = "libc++";
				CLANG_ENABLE_MODULES = YES;
				CLANG_ENABLE_OBJC_ARC = YES;
				CLANG_ENABLE_OBJC_WEAK = YES;
				CLANG_WARN_BLOCK_CAPTURE_AUTORELEASING = YES;
				CLANG_WARN_BOOL_CONVERSION = YES;
				CLANG_WARN_COMMA = YES;
				CLANG_WARN_CONSTANT_CONVERSION = YES;
				CLANG_WARN_DEPRECATED_OBJC_IMPLEMENTATIONS = YES;
				CLANG_WARN_DIRECT_OBJC_ISA_USAGE = YES_ERROR;
				CLANG_WARN_DOCUMENTATION_COMMENTS = YES;
				CLANG_WARN_EMPTY_BODY = YES;
				CLANG_WARN_ENUM_CONVERSION = YES;
				CLANG_WARN_INFINITE_RECURSION = YES;
				CLANG_WARN_INT_CONVERSION = YES;
				CLANG_WARN_NON_LITERAL_NULL_CONVERSION = YES;
				CLANG_WARN_OBJC_IMPLICIT_RETAIN_SELF = YES;
				CLANG_WARN_OBJC_LITERAL_CONVERSION = YES;
				CLANG_WARN_OBJC_ROOT_CLASS = YES_ERROR;
				CLANG_WARN_QUOTED_INCLUDE_IN_FRAMEWORK_HEADER = YES;
				CLANG_WARN_RANGE_LOOP_ANALYSIS = YES;
				CLANG_WARN_STRICT_PROTOTYPES = YES;
				CLANG_WARN_SUSPICIOUS_MOVE = YES;
				CLANG_WARN_UNGUARDED_AVAILABILITY = YES_AGGRESSIVE;
				CLANG_WARN_UNREACHABLE_CODE = YES;
				CLANG_WARN__DUPLICATE_METHOD_MATCH = YES;
				COPY_PHASE_STRIP = NO;
				DEBUG_INFORMATION_FORMAT = "dwarf-with-dsym";
				ENABLE_NS_ASSERTIONS = NO;
				ENABLE_STRICT_OBJC_MSGSEND = YES;
				GCC_C_LANGUAGE_STANDARD = gnu11;
				GCC_NO_COMMON_BLOCKS = YES;
				GCC_WARN_64_TO_32_BIT_CONVERSION = YES;
				GCC_WARN_ABOUT_RETURN_TYPE = YES_ERROR;
				GCC_WARN_UNDECLARED_SELECTOR = YES;
				GCC_WARN_UNINITIALIZED_AUTOS = YES_AGGRESSIVE;
				GCC_WARN_UNUSED_FUNCTION = YES;
				GCC_WARN_UNUSED_VARIABLE = YES;
				IPHONEOS_DEPLOYMENT_TARGET = 14.4;
				MTL_ENABLE_DEBUG_INFO = NO;
				MTL_FAST_MATH = YES;
				SDKROOT = iphoneos;
				SWIFT_COMPILATION_MODE = wholemodule;
				SWIFT_OPTIMIZATION_LEVEL = "-O";
				VALIDATE_PRODUCT = YES;
			};
			name = Release;
		};
		045E98EE262E4A6E00A01AD8 /* Debug */ = {
			isa = XCBuildConfiguration;
			buildSettings = {
				ASSETCATALOG_COMPILER_APPICON_NAME = AppIcon;
				ASSETCATALOG_COMPILER_GLOBAL_ACCENT_COLOR_NAME = AccentColor;
				CODE_SIGN_STYLE = Automatic;
				DEVELOPMENT_TEAM = MB93MBJLD8;
				INFOPLIST_FILE = "MoviesSearch-MVVM-RXSwift/Info.plist";
				LD_RUNPATH_SEARCH_PATHS = (
					"$(inherited)",
					"@executable_path/Frameworks",
				);
				PRODUCT_BUNDLE_IDENTIFIER = "Aly-Fawzy.MoviesSearch-MVVM-RXSwift";
				PRODUCT_NAME = "$(TARGET_NAME)";
				SWIFT_VERSION = 5.0;
				TARGETED_DEVICE_FAMILY = "1,2";
			};
			name = Debug;
		};
		045E98EF262E4A6E00A01AD8 /* Release */ = {
			isa = XCBuildConfiguration;
			buildSettings = {
				ASSETCATALOG_COMPILER_APPICON_NAME = AppIcon;
				ASSETCATALOG_COMPILER_GLOBAL_ACCENT_COLOR_NAME = AccentColor;
				CODE_SIGN_STYLE = Automatic;
				DEVELOPMENT_TEAM = MB93MBJLD8;
				INFOPLIST_FILE = "MoviesSearch-MVVM-RXSwift/Info.plist";
				LD_RUNPATH_SEARCH_PATHS = (
					"$(inherited)",
					"@executable_path/Frameworks",
				);
				PRODUCT_BUNDLE_IDENTIFIER = "Aly-Fawzy.MoviesSearch-MVVM-RXSwift";
				PRODUCT_NAME = "$(TARGET_NAME)";
				SWIFT_VERSION = 5.0;
				TARGETED_DEVICE_FAMILY = "1,2";
			};
			name = Release;
		};
		045E98F1262E4A6E00A01AD8 /* Debug */ = {
			isa = XCBuildConfiguration;
			buildSettings = {
				ALWAYS_EMBED_SWIFT_STANDARD_LIBRARIES = YES;
				BUNDLE_LOADER = "$(TEST_HOST)";
				CODE_SIGN_STYLE = Automatic;
				DEVELOPMENT_TEAM = MB93MBJLD8;
				INFOPLIST_FILE = "MoviesSearch-MVVM-RXSwiftTests/Info.plist";
				IPHONEOS_DEPLOYMENT_TARGET = 14.4;
				LD_RUNPATH_SEARCH_PATHS = (
					"$(inherited)",
					"@executable_path/Frameworks",
					"@loader_path/Frameworks",
				);
				PRODUCT_BUNDLE_IDENTIFIER = "Aly-Fawzy.MoviesSearch-MVVM-RXSwiftTests";
				PRODUCT_NAME = "$(TARGET_NAME)";
				SWIFT_VERSION = 5.0;
				TARGETED_DEVICE_FAMILY = "1,2";
				TEST_HOST = "$(BUILT_PRODUCTS_DIR)/MoviesSearch-MVVM-RXSwift.app/MoviesSearch-MVVM-RXSwift";
			};
			name = Debug;
		};
		045E98F2262E4A6E00A01AD8 /* Release */ = {
			isa = XCBuildConfiguration;
			buildSettings = {
				ALWAYS_EMBED_SWIFT_STANDARD_LIBRARIES = YES;
				BUNDLE_LOADER = "$(TEST_HOST)";
				CODE_SIGN_STYLE = Automatic;
				DEVELOPMENT_TEAM = MB93MBJLD8;
				INFOPLIST_FILE = "MoviesSearch-MVVM-RXSwiftTests/Info.plist";
				IPHONEOS_DEPLOYMENT_TARGET = 14.4;
				LD_RUNPATH_SEARCH_PATHS = (
					"$(inherited)",
					"@executable_path/Frameworks",
					"@loader_path/Frameworks",
				);
				PRODUCT_BUNDLE_IDENTIFIER = "Aly-Fawzy.MoviesSearch-MVVM-RXSwiftTests";
				PRODUCT_NAME = "$(TARGET_NAME)";
				SWIFT_VERSION = 5.0;
				TARGETED_DEVICE_FAMILY = "1,2";
				TEST_HOST = "$(BUILT_PRODUCTS_DIR)/MoviesSearch-MVVM-RXSwift.app/MoviesSearch-MVVM-RXSwift";
			};
			name = Release;
		};
		045E98F4262E4A6E00A01AD8 /* Debug */ = {
			isa = XCBuildConfiguration;
			buildSettings = {
				ALWAYS_EMBED_SWIFT_STANDARD_LIBRARIES = YES;
				CODE_SIGN_STYLE = Automatic;
				DEVELOPMENT_TEAM = MB93MBJLD8;
				INFOPLIST_FILE = "MoviesSearch-MVVM-RXSwiftUITests/Info.plist";
				LD_RUNPATH_SEARCH_PATHS = (
					"$(inherited)",
					"@executable_path/Frameworks",
					"@loader_path/Frameworks",
				);
				PRODUCT_BUNDLE_IDENTIFIER = "Aly-Fawzy.MoviesSearch-MVVM-RXSwiftUITests";
				PRODUCT_NAME = "$(TARGET_NAME)";
				SWIFT_VERSION = 5.0;
				TARGETED_DEVICE_FAMILY = "1,2";
				TEST_TARGET_NAME = "MoviesSearch-MVVM-RXSwift";
			};
			name = Debug;
		};
		045E98F5262E4A6E00A01AD8 /* Release */ = {
			isa = XCBuildConfiguration;
			buildSettings = {
				ALWAYS_EMBED_SWIFT_STANDARD_LIBRARIES = YES;
				CODE_SIGN_STYLE = Automatic;
				DEVELOPMENT_TEAM = MB93MBJLD8;
				INFOPLIST_FILE = "MoviesSearch-MVVM-RXSwiftUITests/Info.plist";
				LD_RUNPATH_SEARCH_PATHS = (
					"$(inherited)",
					"@executable_path/Frameworks",
					"@loader_path/Frameworks",
				);
				PRODUCT_BUNDLE_IDENTIFIER = "Aly-Fawzy.MoviesSearch-MVVM-RXSwiftUITests";
				PRODUCT_NAME = "$(TARGET_NAME)";
				SWIFT_VERSION = 5.0;
				TARGETED_DEVICE_FAMILY = "1,2";
				TEST_TARGET_NAME = "MoviesSearch-MVVM-RXSwift";
			};
			name = Release;
		};
/* End XCBuildConfiguration section */

/* Begin XCConfigurationList section */
		045E98BB262E4A6C00A01AD8 /* Build configuration list for PBXProject "MoviesSearch-MVVM-RXSwift" */ = {
			isa = XCConfigurationList;
			buildConfigurations = (
				045E98EB262E4A6E00A01AD8 /* Debug */,
				045E98EC262E4A6E00A01AD8 /* Release */,
			);
			defaultConfigurationIsVisible = 0;
			defaultConfigurationName = Release;
		};
		045E98ED262E4A6E00A01AD8 /* Build configuration list for PBXNativeTarget "MoviesSearch-MVVM-RXSwift" */ = {
			isa = XCConfigurationList;
			buildConfigurations = (
				045E98EE262E4A6E00A01AD8 /* Debug */,
				045E98EF262E4A6E00A01AD8 /* Release */,
			);
			defaultConfigurationIsVisible = 0;
			defaultConfigurationName = Release;
		};
		045E98F0262E4A6E00A01AD8 /* Build configuration list for PBXNativeTarget "MoviesSearch-MVVM-RXSwiftTests" */ = {
			isa = XCConfigurationList;
			buildConfigurations = (
				045E98F1262E4A6E00A01AD8 /* Debug */,
				045E98F2262E4A6E00A01AD8 /* Release */,
			);
			defaultConfigurationIsVisible = 0;
			defaultConfigurationName = Release;
		};
		045E98F3262E4A6E00A01AD8 /* Build configuration list for PBXNativeTarget "MoviesSearch-MVVM-RXSwiftUITests" */ = {
			isa = XCConfigurationList;
			buildConfigurations = (
				045E98F4262E4A6E00A01AD8 /* Debug */,
				045E98F5262E4A6E00A01AD8 /* Release */,
			);
			defaultConfigurationIsVisible = 0;
			defaultConfigurationName = Release;
		};
/* End XCConfigurationList section */

/* Begin XCVersionGroup section */
		045E98CC262E4A6C00A01AD8 /* MoviesSearch_MVVM_RXSwift.xcdatamodeld */ = {
			isa = XCVersionGroup;
			children = (
				045E98CD262E4A6C00A01AD8 /* MoviesSearch_MVVM_RXSwift.xcdatamodel */,
			);
			currentVersion = 045E98CD262E4A6C00A01AD8 /* MoviesSearch_MVVM_RXSwift.xcdatamodel */;
			path = MoviesSearch_MVVM_RXSwift.xcdatamodeld;
			sourceTree = "<group>";
			versionGroupType = wrapper.xcdatamodel;
		};
/* End XCVersionGroup section */
	};
	rootObject = 045E98B8262E4A6C00A01AD8 /* Project object */;
}
